// !$*UTF8*$!
{
	archiveVersion = 1;
	classes = {
	};
	objectVersion = 46;
	objects = {

/* Begin PBXBuildFile section */
		84CC5C261CACFF02002A5040 /* main.m in Sources */ = {isa = PBXBuildFile; fileRef = 84CC5C251CACFF02002A5040 /* main.m */; };
		84CC5C291CACFF02002A5040 /* AppDelegate.m in Sources */ = {isa = PBXBuildFile; fileRef = 84CC5C281CACFF02002A5040 /* AppDelegate.m */; };
		84CC5C2C1CACFF02002A5040 /* ViewController.m in Sources */ = {isa = PBXBuildFile; fileRef = 84CC5C2B1CACFF02002A5040 /* ViewController.m */; };
		84CC5C2F1CACFF02002A5040 /* Main.storyboard in Resources */ = {isa = PBXBuildFile; fileRef = 84CC5C2D1CACFF02002A5040 /* Main.storyboard */; };
		84CC5C311CACFF02002A5040 /* Assets.xcassets in Resources */ = {isa = PBXBuildFile; fileRef = 84CC5C301CACFF02002A5040 /* Assets.xcassets */; };
		84CC5C341CACFF02002A5040 /* LaunchScreen.storyboard in Resources */ = {isa = PBXBuildFile; fileRef = 84CC5C321CACFF02002A5040 /* LaunchScreen.storyboard */; };
		84CC5C3F1CACFF02002A5040 /* SPPhotoBrowserTests.m in Sources */ = {isa = PBXBuildFile; fileRef = 84CC5C3E1CACFF02002A5040 /* SPPhotoBrowserTests.m */; };
		84CC5C4A1CACFF02002A5040 /* SPPhotoBrowserUITests.m in Sources */ = {isa = PBXBuildFile; fileRef = 84CC5C491CACFF02002A5040 /* SPPhotoBrowserUITests.m */; };
		84CC5C791CACFF1A002A5040 /* MKAnnotationView+WebCache.m in Sources */ = {isa = PBXBuildFile; fileRef = 84CC5C591CACFF1A002A5040 /* MKAnnotationView+WebCache.m */; };
		84CC5C7A1CACFF1A002A5040 /* NSData+ImageContentType.m in Sources */ = {isa = PBXBuildFile; fileRef = 84CC5C5B1CACFF1A002A5040 /* NSData+ImageContentType.m */; };
		84CC5C7B1CACFF1A002A5040 /* SDImageCache.m in Sources */ = {isa = PBXBuildFile; fileRef = 84CC5C5D1CACFF1A002A5040 /* SDImageCache.m */; };
		84CC5C7C1CACFF1A002A5040 /* SDWebImageCompat.m in Sources */ = {isa = PBXBuildFile; fileRef = 84CC5C5F1CACFF1A002A5040 /* SDWebImageCompat.m */; };
		84CC5C7D1CACFF1A002A5040 /* SDWebImageDecoder.m in Sources */ = {isa = PBXBuildFile; fileRef = 84CC5C611CACFF1A002A5040 /* SDWebImageDecoder.m */; };
		84CC5C7E1CACFF1A002A5040 /* SDWebImageDownloader.m in Sources */ = {isa = PBXBuildFile; fileRef = 84CC5C631CACFF1A002A5040 /* SDWebImageDownloader.m */; };
		84CC5C7F1CACFF1A002A5040 /* SDWebImageDownloaderOperation.m in Sources */ = {isa = PBXBuildFile; fileRef = 84CC5C651CACFF1A002A5040 /* SDWebImageDownloaderOperation.m */; };
		84CC5C801CACFF1A002A5040 /* SDWebImageManager.m in Sources */ = {isa = PBXBuildFile; fileRef = 84CC5C671CACFF1A002A5040 /* SDWebImageManager.m */; };
		84CC5C811CACFF1A002A5040 /* SDWebImagePrefetcher.m in Sources */ = {isa = PBXBuildFile; fileRef = 84CC5C6A1CACFF1A002A5040 /* SDWebImagePrefetcher.m */; };
		84CC5C821CACFF1A002A5040 /* UIButton+WebCache.m in Sources */ = {isa = PBXBuildFile; fileRef = 84CC5C6C1CACFF1A002A5040 /* UIButton+WebCache.m */; };
		84CC5C831CACFF1A002A5040 /* UIImage+GIF.m in Sources */ = {isa = PBXBuildFile; fileRef = 84CC5C6E1CACFF1A002A5040 /* UIImage+GIF.m */; };
		84CC5C841CACFF1A002A5040 /* UIImage+MultiFormat.m in Sources */ = {isa = PBXBuildFile; fileRef = 84CC5C701CACFF1A002A5040 /* UIImage+MultiFormat.m */; };
		84CC5C851CACFF1A002A5040 /* UIImage+WebP.m in Sources */ = {isa = PBXBuildFile; fileRef = 84CC5C721CACFF1A002A5040 /* UIImage+WebP.m */; };
		84CC5C861CACFF1A002A5040 /* UIImageView+HighlightedWebCache.m in Sources */ = {isa = PBXBuildFile; fileRef = 84CC5C741CACFF1A002A5040 /* UIImageView+HighlightedWebCache.m */; };
		84CC5C871CACFF1A002A5040 /* UIImageView+WebCache.m in Sources */ = {isa = PBXBuildFile; fileRef = 84CC5C761CACFF1A002A5040 /* UIImageView+WebCache.m */; };
		84CC5C881CACFF1A002A5040 /* UIView+WebCacheOperation.m in Sources */ = {isa = PBXBuildFile; fileRef = 84CC5C781CACFF1A002A5040 /* UIView+WebCacheOperation.m */; };
		84CC5C8D1CAD0058002A5040 /* SPWaitingView.m in Sources */ = {isa = PBXBuildFile; fileRef = 84CC5C8C1CAD0058002A5040 /* SPWaitingView.m */; };
		84CC5C921CAD01F7002A5040 /* SPBrowserImageView.m in Sources */ = {isa = PBXBuildFile; fileRef = 84CC5C911CAD01F7002A5040 /* SPBrowserImageView.m */; };
		84CC5C981CAD03B4002A5040 /* SPPhotoBrowser.m in Sources */ = {isa = PBXBuildFile; fileRef = 84CC5C971CAD03B4002A5040 /* SPPhotoBrowser.m */; };
		84CC5C9B1CAD0525002A5040 /* PhotoModel.m in Sources */ = {isa = PBXBuildFile; fileRef = 84CC5C9A1CAD0525002A5040 /* PhotoModel.m */; };
		84CC5C9F1CAD0559002A5040 /* PhotoGroupView.m in Sources */ = {isa = PBXBuildFile; fileRef = 84CC5C9E1CAD0559002A5040 /* PhotoGroupView.m */; };
		84CC5CA21CAD0685002A5040 /* PhotoCell.m in Sources */ = {isa = PBXBuildFile; fileRef = 84CC5CA11CAD0685002A5040 /* PhotoCell.m */; };
		84CC5CA51CAD0BF1002A5040 /* CollectionViewController.m in Sources */ = {isa = PBXBuildFile; fileRef = 84CC5CA41CAD0BF1002A5040 /* CollectionViewController.m */; };
		84CC5CA81CAD0C1D002A5040 /* PhotoCollectionCell.m in Sources */ = {isa = PBXBuildFile; fileRef = 84CC5CA71CAD0C1D002A5040 /* PhotoCollectionCell.m */; };
/* End PBXBuildFile section */

/* Begin PBXContainerItemProxy section */
		84CC5C3B1CACFF02002A5040 /* PBXContainerItemProxy */ = {
			isa = PBXContainerItemProxy;
			containerPortal = 84CC5C191CACFF02002A5040 /* Project object */;
			proxyType = 1;
			remoteGlobalIDString = 84CC5C201CACFF02002A5040;
			remoteInfo = SPPhotoBrowser;
		};
		84CC5C461CACFF02002A5040 /* PBXContainerItemProxy */ = {
			isa = PBXContainerItemProxy;
			containerPortal = 84CC5C191CACFF02002A5040 /* Project object */;
			proxyType = 1;
			remoteGlobalIDString = 84CC5C201CACFF02002A5040;
			remoteInfo = SPPhotoBrowser;
		};
/* End PBXContainerItemProxy section */

/* Begin PBXFileReference section */
		84CC5C211CACFF02002A5040 /* SPPhotoBrowser.app */ = {isa = PBXFileReference; explicitFileType = wrapper.application; includeInIndex = 0; path = SPPhotoBrowser.app; sourceTree = BUILT_PRODUCTS_DIR; };
		84CC5C251CACFF02002A5040 /* main.m */ = {isa = PBXFileReference; lastKnownFileType = sourcecode.c.objc; path = main.m; sourceTree = "<group>"; };
		84CC5C271CACFF02002A5040 /* AppDelegate.h */ = {isa = PBXFileReference; lastKnownFileType = sourcecode.c.h; path = AppDelegate.h; sourceTree = "<group>"; };
		84CC5C281CACFF02002A5040 /* AppDelegate.m */ = {isa = PBXFileReference; lastKnownFileType = sourcecode.c.objc; path = AppDelegate.m; sourceTree = "<group>"; };
		84CC5C2A1CACFF02002A5040 /* ViewController.h */ = {isa = PBXFileReference; lastKnownFileType = sourcecode.c.h; path = ViewController.h; sourceTree = "<group>"; };
		84CC5C2B1CACFF02002A5040 /* ViewController.m */ = {isa = PBXFileReference; lastKnownFileType = sourcecode.c.objc; path = ViewController.m; sourceTree = "<group>"; };
		84CC5C2E1CACFF02002A5040 /* Base */ = {isa = PBXFileReference; lastKnownFileType = file.storyboard; name = Base; path = Base.lproj/Main.storyboard; sourceTree = "<group>"; };
		84CC5C301CACFF02002A5040 /* Assets.xcassets */ = {isa = PBXFileReference; lastKnownFileType = folder.assetcatalog; path = Assets.xcassets; sourceTree = "<group>"; };
		84CC5C331CACFF02002A5040 /* Base */ = {isa = PBXFileReference; lastKnownFileType = file.storyboard; name = Base; path = Base.lproj/LaunchScreen.storyboard; sourceTree = "<group>"; };
		84CC5C351CACFF02002A5040 /* Info.plist */ = {isa = PBXFileReference; lastKnownFileType = text.plist.xml; path = Info.plist; sourceTree = "<group>"; };
		84CC5C3A1CACFF02002A5040 /* SPPhotoBrowserTests.xctest */ = {isa = PBXFileReference; explicitFileType = wrapper.cfbundle; includeInIndex = 0; path = SPPhotoBrowserTests.xctest; sourceTree = BUILT_PRODUCTS_DIR; };
		84CC5C3E1CACFF02002A5040 /* SPPhotoBrowserTests.m */ = {isa = PBXFileReference; lastKnownFileType = sourcecode.c.objc; path = SPPhotoBrowserTests.m; sourceTree = "<group>"; };
		84CC5C401CACFF02002A5040 /* Info.plist */ = {isa = PBXFileReference; lastKnownFileType = text.plist.xml; path = Info.plist; sourceTree = "<group>"; };
		84CC5C451CACFF02002A5040 /* SPPhotoBrowserUITests.xctest */ = {isa = PBXFileReference; explicitFileType = wrapper.cfbundle; includeInIndex = 0; path = SPPhotoBrowserUITests.xctest; sourceTree = BUILT_PRODUCTS_DIR; };
		84CC5C491CACFF02002A5040 /* SPPhotoBrowserUITests.m */ = {isa = PBXFileReference; lastKnownFileType = sourcecode.c.objc; path = SPPhotoBrowserUITests.m; sourceTree = "<group>"; };
		84CC5C4B1CACFF02002A5040 /* Info.plist */ = {isa = PBXFileReference; lastKnownFileType = text.plist.xml; path = Info.plist; sourceTree = "<group>"; };
		84CC5C581CACFF1A002A5040 /* MKAnnotationView+WebCache.h */ = {isa = PBXFileReference; fileEncoding = 4; lastKnownFileType = sourcecode.c.h; path = "MKAnnotationView+WebCache.h"; sourceTree = "<group>"; };
		84CC5C591CACFF1A002A5040 /* MKAnnotationView+WebCache.m */ = {isa = PBXFileReference; fileEncoding = 4; lastKnownFileType = sourcecode.c.objc; path = "MKAnnotationView+WebCache.m"; sourceTree = "<group>"; };
		84CC5C5A1CACFF1A002A5040 /* NSData+ImageContentType.h */ = {isa = PBXFileReference; fileEncoding = 4; lastKnownFileType = sourcecode.c.h; path = "NSData+ImageContentType.h"; sourceTree = "<group>"; };
		84CC5C5B1CACFF1A002A5040 /* NSData+ImageContentType.m */ = {isa = PBXFileReference; fileEncoding = 4; lastKnownFileType = sourcecode.c.objc; path = "NSData+ImageContentType.m"; sourceTree = "<group>"; };
		84CC5C5C1CACFF1A002A5040 /* SDImageCache.h */ = {isa = PBXFileReference; fileEncoding = 4; lastKnownFileType = sourcecode.c.h; path = SDImageCache.h; sourceTree = "<group>"; };
		84CC5C5D1CACFF1A002A5040 /* SDImageCache.m */ = {isa = PBXFileReference; fileEncoding = 4; lastKnownFileType = sourcecode.c.objc; path = SDImageCache.m; sourceTree = "<group>"; };
		84CC5C5E1CACFF1A002A5040 /* SDWebImageCompat.h */ = {isa = PBXFileReference; fileEncoding = 4; lastKnownFileType = sourcecode.c.h; path = SDWebImageCompat.h; sourceTree = "<group>"; };
		84CC5C5F1CACFF1A002A5040 /* SDWebImageCompat.m */ = {isa = PBXFileReference; fileEncoding = 4; lastKnownFileType = sourcecode.c.objc; path = SDWebImageCompat.m; sourceTree = "<group>"; };
		84CC5C601CACFF1A002A5040 /* SDWebImageDecoder.h */ = {isa = PBXFileReference; fileEncoding = 4; lastKnownFileType = sourcecode.c.h; path = SDWebImageDecoder.h; sourceTree = "<group>"; };
		84CC5C611CACFF1A002A5040 /* SDWebImageDecoder.m */ = {isa = PBXFileReference; fileEncoding = 4; lastKnownFileType = sourcecode.c.objc; path = SDWebImageDecoder.m; sourceTree = "<group>"; };
		84CC5C621CACFF1A002A5040 /* SDWebImageDownloader.h */ = {isa = PBXFileReference; fileEncoding = 4; lastKnownFileType = sourcecode.c.h; path = SDWebImageDownloader.h; sourceTree = "<group>"; };
		84CC5C631CACFF1A002A5040 /* SDWebImageDownloader.m */ = {isa = PBXFileReference; fileEncoding = 4; lastKnownFileType = sourcecode.c.objc; path = SDWebImageDownloader.m; sourceTree = "<group>"; };
		84CC5C641CACFF1A002A5040 /* SDWebImageDownloaderOperation.h */ = {isa = PBXFileReference; fileEncoding = 4; lastKnownFileType = sourcecode.c.h; path = SDWebImageDownloaderOperation.h; sourceTree = "<group>"; };
		84CC5C651CACFF1A002A5040 /* SDWebImageDownloaderOperation.m */ = {isa = PBXFileReference; fileEncoding = 4; lastKnownFileType = sourcecode.c.objc; path = SDWebImageDownloaderOperation.m; sourceTree = "<group>"; };
		84CC5C661CACFF1A002A5040 /* SDWebImageManager.h */ = {isa = PBXFileReference; fileEncoding = 4; lastKnownFileType = sourcecode.c.h; path = SDWebImageManager.h; sourceTree = "<group>"; };
		84CC5C671CACFF1A002A5040 /* SDWebImageManager.m */ = {isa = PBXFileReference; fileEncoding = 4; lastKnownFileType = sourcecode.c.objc; path = SDWebImageManager.m; sourceTree = "<group>"; };
		84CC5C681CACFF1A002A5040 /* SDWebImageOperation.h */ = {isa = PBXFileReference; fileEncoding = 4; lastKnownFileType = sourcecode.c.h; path = SDWebImageOperation.h; sourceTree = "<group>"; };
		84CC5C691CACFF1A002A5040 /* SDWebImagePrefetcher.h */ = {isa = PBXFileReference; fileEncoding = 4; lastKnownFileType = sourcecode.c.h; path = SDWebImagePrefetcher.h; sourceTree = "<group>"; };
		84CC5C6A1CACFF1A002A5040 /* SDWebImagePrefetcher.m */ = {isa = PBXFileReference; fileEncoding = 4; lastKnownFileType = sourcecode.c.objc; path = SDWebImagePrefetcher.m; sourceTree = "<group>"; };
		84CC5C6B1CACFF1A002A5040 /* UIButton+WebCache.h */ = {isa = PBXFileReference; fileEncoding = 4; lastKnownFileType = sourcecode.c.h; path = "UIButton+WebCache.h"; sourceTree = "<group>"; };
		84CC5C6C1CACFF1A002A5040 /* UIButton+WebCache.m */ = {isa = PBXFileReference; fileEncoding = 4; lastKnownFileType = sourcecode.c.objc; path = "UIButton+WebCache.m"; sourceTree = "<group>"; };
		84CC5C6D1CACFF1A002A5040 /* UIImage+GIF.h */ = {isa = PBXFileReference; fileEncoding = 4; lastKnownFileType = sourcecode.c.h; path = "UIImage+GIF.h"; sourceTree = "<group>"; };
		84CC5C6E1CACFF1A002A5040 /* UIImage+GIF.m */ = {isa = PBXFileReference; fileEncoding = 4; lastKnownFileType = sourcecode.c.objc; path = "UIImage+GIF.m"; sourceTree = "<group>"; };
		84CC5C6F1CACFF1A002A5040 /* UIImage+MultiFormat.h */ = {isa = PBXFileReference; fileEncoding = 4; lastKnownFileType = sourcecode.c.h; path = "UIImage+MultiFormat.h"; sourceTree = "<group>"; };
		84CC5C701CACFF1A002A5040 /* UIImage+MultiFormat.m */ = {isa = PBXFileReference; fileEncoding = 4; lastKnownFileType = sourcecode.c.objc; path = "UIImage+MultiFormat.m"; sourceTree = "<group>"; };
		84CC5C711CACFF1A002A5040 /* UIImage+WebP.h */ = {isa = PBXFileReference; fileEncoding = 4; lastKnownFileType = sourcecode.c.h; path = "UIImage+WebP.h"; sourceTree = "<group>"; };
		84CC5C721CACFF1A002A5040 /* UIImage+WebP.m */ = {isa = PBXFileReference; fileEncoding = 4; lastKnownFileType = sourcecode.c.objc; path = "UIImage+WebP.m"; sourceTree = "<group>"; };
		84CC5C731CACFF1A002A5040 /* UIImageView+HighlightedWebCache.h */ = {isa = PBXFileReference; fileEncoding = 4; lastKnownFileType = sourcecode.c.h; path = "UIImageView+HighlightedWebCache.h"; sourceTree = "<group>"; };
		84CC5C741CACFF1A002A5040 /* UIImageView+HighlightedWebCache.m */ = {isa = PBXFileReference; fileEncoding = 4; lastKnownFileType = sourcecode.c.objc; path = "UIImageView+HighlightedWebCache.m"; sourceTree = "<group>"; };
		84CC5C751CACFF1A002A5040 /* UIImageView+WebCache.h */ = {isa = PBXFileReference; fileEncoding = 4; lastKnownFileType = sourcecode.c.h; path = "UIImageView+WebCache.h"; sourceTree = "<group>"; };
		84CC5C761CACFF1A002A5040 /* UIImageView+WebCache.m */ = {isa = PBXFileReference; fileEncoding = 4; lastKnownFileType = sourcecode.c.objc; path = "UIImageView+WebCache.m"; sourceTree = "<group>"; };
		84CC5C771CACFF1A002A5040 /* UIView+WebCacheOperation.h */ = {isa = PBXFileReference; fileEncoding = 4; lastKnownFileType = sourcecode.c.h; path = "UIView+WebCacheOperation.h"; sourceTree = "<group>"; };
		84CC5C781CACFF1A002A5040 /* UIView+WebCacheOperation.m */ = {isa = PBXFileReference; fileEncoding = 4; lastKnownFileType = sourcecode.c.objc; path = "UIView+WebCacheOperation.m"; sourceTree = "<group>"; };
		84CC5C8B1CAD0058002A5040 /* SPWaitingView.h */ = {isa = PBXFileReference; fileEncoding = 4; lastKnownFileType = sourcecode.c.h; path = SPWaitingView.h; sourceTree = "<group>"; };
		84CC5C8C1CAD0058002A5040 /* SPWaitingView.m */ = {isa = PBXFileReference; fileEncoding = 4; lastKnownFileType = sourcecode.c.objc; path = SPWaitingView.m; sourceTree = "<group>"; };
		84CC5C8F1CAD00A2002A5040 /* SPPhotoBrowserConfig.h */ = {isa = PBXFileReference; fileEncoding = 4; lastKnownFileType = sourcecode.c.h; path = SPPhotoBrowserConfig.h; sourceTree = "<group>"; };
		84CC5C901CAD01F7002A5040 /* SPBrowserImageView.h */ = {isa = PBXFileReference; fileEncoding = 4; lastKnownFileType = sourcecode.c.h; path = SPBrowserImageView.h; sourceTree = "<group>"; };
		84CC5C911CAD01F7002A5040 /* SPBrowserImageView.m */ = {isa = PBXFileReference; fileEncoding = 4; lastKnownFileType = sourcecode.c.objc; path = SPBrowserImageView.m; sourceTree = "<group>"; };
		84CC5C961CAD03B4002A5040 /* SPPhotoBrowser.h */ = {isa = PBXFileReference; fileEncoding = 4; lastKnownFileType = sourcecode.c.h; path = SPPhotoBrowser.h; sourceTree = "<group>"; };
		84CC5C971CAD03B4002A5040 /* SPPhotoBrowser.m */ = {isa = PBXFileReference; fileEncoding = 4; lastKnownFileType = sourcecode.c.objc; path = SPPhotoBrowser.m; sourceTree = "<group>"; };
		84CC5C991CAD0525002A5040 /* PhotoModel.h */ = {isa = PBXFileReference; fileEncoding = 4; lastKnownFileType = sourcecode.c.h; path = PhotoModel.h; sourceTree = "<group>"; };
		84CC5C9A1CAD0525002A5040 /* PhotoModel.m */ = {isa = PBXFileReference; fileEncoding = 4; lastKnownFileType = sourcecode.c.objc; path = PhotoModel.m; sourceTree = "<group>"; };
		84CC5C9D1CAD0559002A5040 /* PhotoGroupView.h */ = {isa = PBXFileReference; fileEncoding = 4; lastKnownFileType = sourcecode.c.h; path = PhotoGroupView.h; sourceTree = "<group>"; };
		84CC5C9E1CAD0559002A5040 /* PhotoGroupView.m */ = {isa = PBXFileReference; fileEncoding = 4; lastKnownFileType = sourcecode.c.objc; path = PhotoGroupView.m; sourceTree = "<group>"; };
		84CC5CA01CAD0685002A5040 /* PhotoCell.h */ = {isa = PBXFileReference; fileEncoding = 4; lastKnownFileType = sourcecode.c.h; path = PhotoCell.h; sourceTree = "<group>"; };
		84CC5CA11CAD0685002A5040 /* PhotoCell.m */ = {isa = PBXFileReference; fileEncoding = 4; lastKnownFileType = sourcecode.c.objc; path = PhotoCell.m; sourceTree = "<group>"; };
		84CC5CA31CAD0BF1002A5040 /* CollectionViewController.h */ = {isa = PBXFileReference; fileEncoding = 4; lastKnownFileType = sourcecode.c.h; path = CollectionViewController.h; sourceTree = "<group>"; };
		84CC5CA41CAD0BF1002A5040 /* CollectionViewController.m */ = {isa = PBXFileReference; fileEncoding = 4; lastKnownFileType = sourcecode.c.objc; path = CollectionViewController.m; sourceTree = "<group>"; };
		84CC5CA61CAD0C1D002A5040 /* PhotoCollectionCell.h */ = {isa = PBXFileReference; fileEncoding = 4; lastKnownFileType = sourcecode.c.h; path = PhotoCollectionCell.h; sourceTree = "<group>"; };
		84CC5CA71CAD0C1D002A5040 /* PhotoCollectionCell.m */ = {isa = PBXFileReference; fileEncoding = 4; lastKnownFileType = sourcecode.c.objc; path = PhotoCollectionCell.m; sourceTree = "<group>"; };
/* End PBXFileReference section */

/* Begin PBXFrameworksBuildPhase section */
		84CC5C1E1CACFF02002A5040 /* Frameworks */ = {
			isa = PBXFrameworksBuildPhase;
			buildActionMask = 2147483647;
			files = (
			);
			runOnlyForDeploymentPostprocessing = 0;
		};
		84CC5C371CACFF02002A5040 /* Frameworks */ = {
			isa = PBXFrameworksBuildPhase;
			buildActionMask = 2147483647;
			files = (
			);
			runOnlyForDeploymentPostprocessing = 0;
		};
		84CC5C421CACFF02002A5040 /* Frameworks */ = {
			isa = PBXFrameworksBuildPhase;
			buildActionMask = 2147483647;
			files = (
			);
			runOnlyForDeploymentPostprocessing = 0;
		};
/* End PBXFrameworksBuildPhase section */

/* Begin PBXGroup section */
		84CC5C181CACFF02002A5040 = {
			isa = PBXGroup;
			children = (
				84CC5C231CACFF02002A5040 /* SPPhotoBrowser */,
				84CC5C3D1CACFF02002A5040 /* SPPhotoBrowserTests */,
				84CC5C481CACFF02002A5040 /* SPPhotoBrowserUITests */,
				84CC5C221CACFF02002A5040 /* Products */,
			);
			sourceTree = "<group>";
		};
		84CC5C221CACFF02002A5040 /* Products */ = {
			isa = PBXGroup;
			children = (
				84CC5C211CACFF02002A5040 /* SPPhotoBrowser.app */,
				84CC5C3A1CACFF02002A5040 /* SPPhotoBrowserTests.xctest */,
				84CC5C451CACFF02002A5040 /* SPPhotoBrowserUITests.xctest */,
			);
			name = Products;
			sourceTree = "<group>";
		};
		84CC5C231CACFF02002A5040 /* SPPhotoBrowser */ = {
			isa = PBXGroup;
			children = (
				84CC5C271CACFF02002A5040 /* AppDelegate.h */,
				84CC5C281CACFF02002A5040 /* AppDelegate.m */,
				84CC5C9C1CAD0539002A5040 /* Cell&Model */,
				84CC5C2A1CACFF02002A5040 /* ViewController.h */,
				84CC5C2B1CACFF02002A5040 /* ViewController.m */,
				84CC5CA31CAD0BF1002A5040 /* CollectionViewController.h */,
				84CC5CA41CAD0BF1002A5040 /* CollectionViewController.m */,
				84CC5C891CACFF4C002A5040 /* SPPhotoBrowser */,
				84CC5C571CACFF19002A5040 /* SDWebImage */,
				84CC5C2D1CACFF02002A5040 /* Main.storyboard */,
				84CC5C301CACFF02002A5040 /* Assets.xcassets */,
				84CC5C321CACFF02002A5040 /* LaunchScreen.storyboard */,
				84CC5C351CACFF02002A5040 /* Info.plist */,
				84CC5C241CACFF02002A5040 /* Supporting Files */,
			);
			path = SPPhotoBrowser;
			sourceTree = "<group>";
		};
		84CC5C241CACFF02002A5040 /* Supporting Files */ = {
			isa = PBXGroup;
			children = (
				84CC5C251CACFF02002A5040 /* main.m */,
			);
			name = "Supporting Files";
			sourceTree = "<group>";
		};
		84CC5C3D1CACFF02002A5040 /* SPPhotoBrowserTests */ = {
			isa = PBXGroup;
			children = (
				84CC5C3E1CACFF02002A5040 /* SPPhotoBrowserTests.m */,
				84CC5C401CACFF02002A5040 /* Info.plist */,
			);
			path = SPPhotoBrowserTests;
			sourceTree = "<group>";
		};
		84CC5C481CACFF02002A5040 /* SPPhotoBrowserUITests */ = {
			isa = PBXGroup;
			children = (
				84CC5C491CACFF02002A5040 /* SPPhotoBrowserUITests.m */,
				84CC5C4B1CACFF02002A5040 /* Info.plist */,
			);
			path = SPPhotoBrowserUITests;
			sourceTree = "<group>";
		};
		84CC5C571CACFF19002A5040 /* SDWebImage */ = {
			isa = PBXGroup;
			children = (
				84CC5C581CACFF1A002A5040 /* MKAnnotationView+WebCache.h */,
				84CC5C591CACFF1A002A5040 /* MKAnnotationView+WebCache.m */,
				84CC5C5A1CACFF1A002A5040 /* NSData+ImageContentType.h */,
				84CC5C5B1CACFF1A002A5040 /* NSData+ImageContentType.m */,
				84CC5C5C1CACFF1A002A5040 /* SDImageCache.h */,
				84CC5C5D1CACFF1A002A5040 /* SDImageCache.m */,
				84CC5C5E1CACFF1A002A5040 /* SDWebImageCompat.h */,
				84CC5C5F1CACFF1A002A5040 /* SDWebImageCompat.m */,
				84CC5C601CACFF1A002A5040 /* SDWebImageDecoder.h */,
				84CC5C611CACFF1A002A5040 /* SDWebImageDecoder.m */,
				84CC5C621CACFF1A002A5040 /* SDWebImageDownloader.h */,
				84CC5C631CACFF1A002A5040 /* SDWebImageDownloader.m */,
				84CC5C641CACFF1A002A5040 /* SDWebImageDownloaderOperation.h */,
				84CC5C651CACFF1A002A5040 /* SDWebImageDownloaderOperation.m */,
				84CC5C661CACFF1A002A5040 /* SDWebImageManager.h */,
				84CC5C671CACFF1A002A5040 /* SDWebImageManager.m */,
				84CC5C681CACFF1A002A5040 /* SDWebImageOperation.h */,
				84CC5C691CACFF1A002A5040 /* SDWebImagePrefetcher.h */,
				84CC5C6A1CACFF1A002A5040 /* SDWebImagePrefetcher.m */,
				84CC5C6B1CACFF1A002A5040 /* UIButton+WebCache.h */,
				84CC5C6C1CACFF1A002A5040 /* UIButton+WebCache.m */,
				84CC5C6D1CACFF1A002A5040 /* UIImage+GIF.h */,
				84CC5C6E1CACFF1A002A5040 /* UIImage+GIF.m */,
				84CC5C6F1CACFF1A002A5040 /* UIImage+MultiFormat.h */,
				84CC5C701CACFF1A002A5040 /* UIImage+MultiFormat.m */,
				84CC5C711CACFF1A002A5040 /* UIImage+WebP.h */,
				84CC5C721CACFF1A002A5040 /* UIImage+WebP.m */,
				84CC5C731CACFF1A002A5040 /* UIImageView+HighlightedWebCache.h */,
				84CC5C741CACFF1A002A5040 /* UIImageView+HighlightedWebCache.m */,
				84CC5C751CACFF1A002A5040 /* UIImageView+WebCache.h */,
				84CC5C761CACFF1A002A5040 /* UIImageView+WebCache.m */,
				84CC5C771CACFF1A002A5040 /* UIView+WebCacheOperation.h */,
				84CC5C781CACFF1A002A5040 /* UIView+WebCacheOperation.m */,
			);
			path = SDWebImage;
			sourceTree = "<group>";
		};
		84CC5C891CACFF4C002A5040 /* SPPhotoBrowser */ = {
			isa = PBXGroup;
			children = (
				84CC5C8F1CAD00A2002A5040 /* SPPhotoBrowserConfig.h */,
				84CC5C8B1CAD0058002A5040 /* SPWaitingView.h */,
				84CC5C8C1CAD0058002A5040 /* SPWaitingView.m */,
				84CC5C901CAD01F7002A5040 /* SPBrowserImageView.h */,
				84CC5C911CAD01F7002A5040 /* SPBrowserImageView.m */,
				84CC5C961CAD03B4002A5040 /* SPPhotoBrowser.h */,
				84CC5C971CAD03B4002A5040 /* SPPhotoBrowser.m */,
			);
			path = SPPhotoBrowser;
			sourceTree = "<group>";
		};
		84CC5C9C1CAD0539002A5040 /* Cell&Model */ = {
			isa = PBXGroup;
			children = (
				84CC5C991CAD0525002A5040 /* PhotoModel.h */,
				84CC5C9A1CAD0525002A5040 /* PhotoModel.m */,
				84CC5C9D1CAD0559002A5040 /* PhotoGroupView.h */,
				84CC5C9E1CAD0559002A5040 /* PhotoGroupView.m */,
				84CC5CA01CAD0685002A5040 /* PhotoCell.h */,
				84CC5CA11CAD0685002A5040 /* PhotoCell.m */,
				84CC5CA61CAD0C1D002A5040 /* PhotoCollectionCell.h */,
				84CC5CA71CAD0C1D002A5040 /* PhotoCollectionCell.m */,
			);
			name = "Cell&Model";
			sourceTree = "<group>";
		};
/* End PBXGroup section */

/* Begin PBXNativeTarget section */
		84CC5C201CACFF02002A5040 /* SPPhotoBrowser */ = {
			isa = PBXNativeTarget;
			buildConfigurationList = 84CC5C4E1CACFF02002A5040 /* Build configuration list for PBXNativeTarget "SPPhotoBrowser" */;
			buildPhases = (
				84CC5C1D1CACFF02002A5040 /* Sources */,
				84CC5C1E1CACFF02002A5040 /* Frameworks */,
				84CC5C1F1CACFF02002A5040 /* Resources */,
			);
			buildRules = (
			);
			dependencies = (
			);
			name = SPPhotoBrowser;
			productName = SPPhotoBrowser;
			productReference = 84CC5C211CACFF02002A5040 /* SPPhotoBrowser.app */;
			productType = "com.apple.product-type.application";
		};
		84CC5C391CACFF02002A5040 /* SPPhotoBrowserTests */ = {
			isa = PBXNativeTarget;
			buildConfigurationList = 84CC5C511CACFF02002A5040 /* Build configuration list for PBXNativeTarget "SPPhotoBrowserTests" */;
			buildPhases = (
				84CC5C361CACFF02002A5040 /* Sources */,
				84CC5C371CACFF02002A5040 /* Frameworks */,
				84CC5C381CACFF02002A5040 /* Resources */,
			);
			buildRules = (
			);
			dependencies = (
				84CC5C3C1CACFF02002A5040 /* PBXTargetDependency */,
			);
			name = SPPhotoBrowserTests;
			productName = SPPhotoBrowserTests;
			productReference = 84CC5C3A1CACFF02002A5040 /* SPPhotoBrowserTests.xctest */;
			productType = "com.apple.product-type.bundle.unit-test";
		};
		84CC5C441CACFF02002A5040 /* SPPhotoBrowserUITests */ = {
			isa = PBXNativeTarget;
			buildConfigurationList = 84CC5C541CACFF02002A5040 /* Build configuration list for PBXNativeTarget "SPPhotoBrowserUITests" */;
			buildPhases = (
				84CC5C411CACFF02002A5040 /* Sources */,
				84CC5C421CACFF02002A5040 /* Frameworks */,
				84CC5C431CACFF02002A5040 /* Resources */,
			);
			buildRules = (
			);
			dependencies = (
				84CC5C471CACFF02002A5040 /* PBXTargetDependency */,
			);
			name = SPPhotoBrowserUITests;
			productName = SPPhotoBrowserUITests;
			productReference = 84CC5C451CACFF02002A5040 /* SPPhotoBrowserUITests.xctest */;
			productType = "com.apple.product-type.bundle.ui-testing";
		};
/* End PBXNativeTarget section */

/* Begin PBXProject section */
		84CC5C191CACFF02002A5040 /* Project object */ = {
			isa = PBXProject;
			attributes = {
				LastUpgradeCheck = 0730;
				ORGANIZATIONNAME = AlezJi;
				TargetAttributes = {
					84CC5C201CACFF02002A5040 = {
						CreatedOnToolsVersion = 7.3;
					};
					84CC5C391CACFF02002A5040 = {
						CreatedOnToolsVersion = 7.3;
						TestTargetID = 84CC5C201CACFF02002A5040;
					};
					84CC5C441CACFF02002A5040 = {
						CreatedOnToolsVersion = 7.3;
						TestTargetID = 84CC5C201CACFF02002A5040;
					};
				};
			};
			buildConfigurationList = 84CC5C1C1CACFF02002A5040 /* Build configuration list for PBXProject "SPPhotoBrowser" */;
			compatibilityVersion = "Xcode 3.2";
			developmentRegion = English;
			hasScannedForEncodings = 0;
			knownRegions = (
				en,
				Base,
			);
			mainGroup = 84CC5C181CACFF02002A5040;
			productRefGroup = 84CC5C221CACFF02002A5040 /* Products */;
			projectDirPath = "";
			projectRoot = "";
			targets = (
				84CC5C201CACFF02002A5040 /* SPPhotoBrowser */,
				84CC5C391CACFF02002A5040 /* SPPhotoBrowserTests */,
				84CC5C441CACFF02002A5040 /* SPPhotoBrowserUITests */,
			);
		};
/* End PBXProject section */

/* Begin PBXResourcesBuildPhase section */
		84CC5C1F1CACFF02002A5040 /* Resources */ = {
			isa = PBXResourcesBuildPhase;
			buildActionMask = 2147483647;
			files = (
				84CC5C341CACFF02002A5040 /* LaunchScreen.storyboard in Resources */,
				84CC5C311CACFF02002A5040 /* Assets.xcassets in Resources */,
				84CC5C2F1CACFF02002A5040 /* Main.storyboard in Resources */,
			);
			runOnlyForDeploymentPostprocessing = 0;
		};
		84CC5C381CACFF02002A5040 /* Resources */ = {
			isa = PBXResourcesBuildPhase;
			buildActionMask = 2147483647;
			files = (
			);
			runOnlyForDeploymentPostprocessing = 0;
		};
		84CC5C431CACFF02002A5040 /* Resources */ = {
			isa = PBXResourcesBuildPhase;
			buildActionMask = 2147483647;
			files = (
			);
			runOnlyForDeploymentPostprocessing = 0;
		};
/* End PBXResourcesBuildPhase section */

/* Begin PBXSourcesBuildPhase section */
		84CC5C1D1CACFF02002A5040 /* Sources */ = {
			isa = PBXSourcesBuildPhase;
			buildActionMask = 2147483647;
			files = (
				84CC5C861CACFF1A002A5040 /* UIImageView+HighlightedWebCache.m in Sources */,
				84CC5CA21CAD0685002A5040 /* PhotoCell.m in Sources */,
				84CC5C7A1CACFF1A002A5040 /* NSData+ImageContentType.m in Sources */,
				84CC5C801CACFF1A002A5040 /* SDWebImageManager.m in Sources */,
				84CC5C7E1CACFF1A002A5040 /* SDWebImageDownloader.m in Sources */,
				84CC5C9B1CAD0525002A5040 /* PhotoModel.m in Sources */,
				84CC5C851CACFF1A002A5040 /* UIImage+WebP.m in Sources */,
				84CC5C881CACFF1A002A5040 /* UIView+WebCacheOperation.m in Sources */,
				84CC5C7B1CACFF1A002A5040 /* SDImageCache.m in Sources */,
				84CC5C921CAD01F7002A5040 /* SPBrowserImageView.m in Sources */,
				84CC5CA51CAD0BF1002A5040 /* CollectionViewController.m in Sources */,
				84CC5C2C1CACFF02002A5040 /* ViewController.m in Sources */,
				84CC5C791CACFF1A002A5040 /* MKAnnotationView+WebCache.m in Sources */,
				84CC5C7D1CACFF1A002A5040 /* SDWebImageDecoder.m in Sources */,
				84CC5C841CACFF1A002A5040 /* UIImage+MultiFormat.m in Sources */,
				84CC5C8D1CAD0058002A5040 /* SPWaitingView.m in Sources */,
				84CC5C7F1CACFF1A002A5040 /* SDWebImageDownloaderOperation.m in Sources */,
				84CC5C981CAD03B4002A5040 /* SPPhotoBrowser.m in Sources */,
				84CC5C291CACFF02002A5040 /* AppDelegate.m in Sources */,
				84CC5CA81CAD0C1D002A5040 /* PhotoCollectionCell.m in Sources */,
				84CC5C821CACFF1A002A5040 /* UIButton+WebCache.m in Sources */,
				84CC5C811CACFF1A002A5040 /* SDWebImagePrefetcher.m in Sources */,
				84CC5C871CACFF1A002A5040 /* UIImageView+WebCache.m in Sources */,
				84CC5C7C1CACFF1A002A5040 /* SDWebImageCompat.m in Sources */,
				84CC5C9F1CAD0559002A5040 /* PhotoGroupView.m in Sources */,
				84CC5C831CACFF1A002A5040 /* UIImage+GIF.m in Sources */,
				84CC5C261CACFF02002A5040 /* main.m in Sources */,
			);
			runOnlyForDeploymentPostprocessing = 0;
		};
		84CC5C361CACFF02002A5040 /* Sources */ = {
			isa = PBXSourcesBuildPhase;
			buildActionMask = 2147483647;
			files = (
				84CC5C3F1CACFF02002A5040 /* SPPhotoBrowserTests.m in Sources */,
			);
			runOnlyForDeploymentPostprocessing = 0;
		};
		84CC5C411CACFF02002A5040 /* Sources */ = {
			isa = PBXSourcesBuildPhase;
			buildActionMask = 2147483647;
			files = (
				84CC5C4A1CACFF02002A5040 /* SPPhotoBrowserUITests.m in Sources */,
			);
			runOnlyForDeploymentPostprocessing = 0;
		};
/* End PBXSourcesBuildPhase section */

/* Begin PBXTargetDependency section */
		84CC5C3C1CACFF02002A5040 /* PBXTargetDependency */ = {
			isa = PBXTargetDependency;
			target = 84CC5C201CACFF02002A5040 /* SPPhotoBrowser */;
			targetProxy = 84CC5C3B1CACFF02002A5040 /* PBXContainerItemProxy */;
		};
		84CC5C471CACFF02002A5040 /* PBXTargetDependency */ = {
			isa = PBXTargetDependency;
			target = 84CC5C201CACFF02002A5040 /* SPPhotoBrowser */;
			targetProxy = 84CC5C461CACFF02002A5040 /* PBXContainerItemProxy */;
		};
/* End PBXTargetDependency section */

/* Begin PBXVariantGroup section */
		84CC5C2D1CACFF02002A5040 /* Main.storyboard */ = {
			isa = PBXVariantGroup;
			children = (
				84CC5C2E1CACFF02002A5040 /* Base */,
			);
			name = Main.storyboard;
			sourceTree = "<group>";
		};
		84CC5C321CACFF02002A5040 /* LaunchScreen.storyboard */ = {
			isa = PBXVariantGroup;
			children = (
				84CC5C331CACFF02002A5040 /* Base */,
			);
			name = LaunchScreen.storyboard;
			sourceTree = "<group>";
		};
/* End PBXVariantGroup section */

/* Begin XCBuildConfiguration section */
		84CC5C4C1CACFF02002A5040 /* Debug */ = {
			isa = XCBuildConfiguration;
			buildSettings = {
				ALWAYS_SEARCH_USER_PATHS = NO;
				CLANG_ANALYZER_NONNULL = YES;
				CLANG_CXX_LANGUAGE_STANDARD = "gnu++0x";
				CLANG_CXX_LIBRARY = "libc++";
				CLANG_ENABLE_MODULES = YES;
				CLANG_ENABLE_OBJC_ARC = YES;
				CLANG_WARN_BOOL_CONVERSION = YES;
				CLANG_WARN_CONSTANT_CONVERSION = YES;
				CLANG_WARN_DIRECT_OBJC_ISA_USAGE = YES_ERROR;
				CLANG_WARN_EMPTY_BODY = YES;
				CLANG_WARN_ENUM_CONVERSION = YES;
				CLANG_WARN_INT_CONVERSION = YES;
				CLANG_WARN_OBJC_ROOT_CLASS = YES_ERROR;
				CLANG_WARN_UNREACHABLE_CODE = YES;
				CLANG_WARN__DUPLICATE_METHOD_MATCH = YES;
				"CODE_SIGN_IDENTITY[sdk=iphoneos*]" = "iPhone Developer";
				COPY_PHASE_STRIP = NO;
				DEBUG_INFORMATION_FORMAT = dwarf;
				ENABLE_STRICT_OBJC_MSGSEND = YES;
				ENABLE_TESTABILITY = YES;
				GCC_C_LANGUAGE_STANDARD = gnu99;
				GCC_DYNAMIC_NO_PIC = NO;
				GCC_NO_COMMON_BLOCKS = YES;
				GCC_OPTIMIZATION_LEVEL = 0;
				GCC_PREPROCESSOR_DEFINITIONS = (
					"DEBUG=1",
					"$(inherited)",
				);
				GCC_WARN_64_TO_32_BIT_CONVERSION = YES;
				GCC_WARN_ABOUT_RETURN_TYPE = YES_ERROR;
				GCC_WARN_UNDECLARED_SELECTOR = YES;
				GCC_WARN_UNINITIALIZED_AUTOS = YES_AGGRESSIVE;
				GCC_WARN_UNUSED_FUNCTION = YES;
				GCC_WARN_UNUSED_VARIABLE = YES;
				IPHONEOS_DEPLOYMENT_TARGET = 9.3;
				MTL_ENABLE_DEBUG_INFO = YES;
				ONLY_ACTIVE_ARCH = YES;
				SDKROOT = iphoneos;
			};
			name = Debug;
		};
		84CC5C4D1CACFF02002A5040 /* Release */ = {
			isa = XCBuildConfiguration;
			buildSettings = {
				ALWAYS_SEARCH_USER_PATHS = NO;
				CLANG_ANALYZER_NONNULL = YES;
				CLANG_CXX_LANGUAGE_STANDARD = "gnu++0x";
				CLANG_CXX_LIBRARY = "libc++";
				CLANG_ENABLE_MODULES = YES;
				CLANG_ENABLE_OBJC_ARC = YES;
				CLANG_WARN_BOOL_CONVERSION = YES;
				CLANG_WARN_CONSTANT_CONVERSION = YES;
				CLANG_WARN_DIRECT_OBJC_ISA_USAGE = YES_ERROR;
				CLANG_WARN_EMPTY_BODY = YES;
				CLANG_WARN_ENUM_CONVERSION = YES;
				CLANG_WARN_INT_CONVERSION = YES;
				CLANG_WARN_OBJC_ROOT_CLASS = YES_ERROR;
				CLANG_WARN_UNREACHABLE_CODE = YES;
				CLANG_WARN__DUPLICATE_METHOD_MATCH = YES;
				"CODE_SIGN_IDENTITY[sdk=iphoneos*]" = "iPhone Developer";
				COPY_PHASE_STRIP = NO;
				DEBUG_INFORMATION_FORMAT = "dwarf-with-dsym";
				ENABLE_NS_ASSERTIONS = NO;
				ENABLE_STRICT_OBJC_MSGSEND = YES;
				GCC_C_LANGUAGE_STANDARD = gnu99;
				GCC_NO_COMMON_BLOCKS = YES;
				GCC_WARN_64_TO_32_BIT_CONVERSION = YES;
				GCC_WARN_ABOUT_RETURN_TYPE = YES_ERROR;
				GCC_WARN_UNDECLARED_SELECTOR = YES;
				GCC_WARN_UNINITIALIZED_AUTOS = YES_AGGRESSIVE;
				GCC_WARN_UNUSED_FUNCTION = YES;
				GCC_WARN_UNUSED_VARIABLE = YES;
				IPHONEOS_DEPLOYMENT_TARGET = 9.3;
				MTL_ENABLE_DEBUG_INFO = NO;
				SDKROOT = iphoneos;
				VALIDATE_PRODUCT = YES;
			};
			name = Release;
		};
		84CC5C4F1CACFF02002A5040 /* Debug */ = {
			isa = XCBuildConfiguration;
			buildSettings = {
				ASSETCATALOG_COMPILER_APPICON_NAME = AppIcon;
				INFOPLIST_FILE = SPPhotoBrowser/Info.plist;
				IPHONEOS_DEPLOYMENT_TARGET = 8.0;
				LD_RUNPATH_SEARCH_PATHS = "$(inherited) @executable_path/Frameworks";
				PRODUCT_BUNDLE_IDENTIFIER = AlezJi.SPPhotoBrowser;
				PRODUCT_NAME = "$(TARGET_NAME)";
			};
			name = Debug;
		};
		84CC5C501CACFF02002A5040 /* Release */ = {
			isa = XCBuildConfiguration;
			buildSettings = {
				ASSETCATALOG_COMPILER_APPICON_NAME = AppIcon;
				INFOPLIST_FILE = SPPhotoBrowser/Info.plist;
				IPHONEOS_DEPLOYMENT_TARGET = 8.0;
				LD_RUNPATH_SEARCH_PATHS = "$(inherited) @executable_path/Frameworks";
				PRODUCT_BUNDLE_IDENTIFIER = AlezJi.SPPhotoBrowser;
				PRODUCT_NAME = "$(TARGET_NAME)";
			};
			name = Release;
		};
		84CC5C521CACFF02002A5040 /* Debug */ = {
			isa = XCBuildConfiguration;
			buildSettings = {
				BUNDLE_LOADER = "$(TEST_HOST)";
				INFOPLIST_FILE = SPPhotoBrowserTests/Info.plist;
				LD_RUNPATH_SEARCH_PATHS = "$(inherited) @executable_path/Frameworks @loader_path/Frameworks";
				PRODUCT_BUNDLE_IDENTIFIER = AlezJi.SPPhotoBrowserTests;
				PRODUCT_NAME = "$(TARGET_NAME)";
				TEST_HOST = "$(BUILT_PRODUCTS_DIR)/SPPhotoBrowser.app/SPPhotoBrowser";
			};
			name = Debug;
		};
		84CC5C531CACFF02002A5040 /* Release */ = {
			isa = XCBuildConfiguration;
			buildSettings = {
				BUNDLE_LOADER = "$(TEST_HOST)";
				INFOPLIST_FILE = SPPhotoBrowserTests/Info.plist;
				LD_RUNPATH_SEARCH_PATHS = "$(inherited) @executable_path/Frameworks @loader_path/Frameworks";
				PRODUCT_BUNDLE_IDENTIFIER = AlezJi.SPPhotoBrowserTests;
				PRODUCT_NAME = "$(TARGET_NAME)";
				TEST_HOST = "$(BUILT_PRODUCTS_DIR)/SPPhotoBrowser.app/SPPhotoBrowser";
			};
			name = Release;
		};
		84CC5C551CACFF02002A5040 /* Debug */ = {
			isa = XCBuildConfiguration;
			buildSettings = {
				INFOPLIST_FILE = SPPhotoBrowserUITests/Info.plist;
				LD_RUNPATH_SEARCH_PATHS = "$(inherited) @executable_path/Frameworks @loader_path/Frameworks";
				PRODUCT_BUNDLE_IDENTIFIER = AlezJi.SPPhotoBrowserUITests;
				PRODUCT_NAME = "$(TARGET_NAME)";
				TEST_TARGET_NAME = SPPhotoBrowser;
			};
			name = Debug;
		};
		84CC5C561CACFF02002A5040 /* Release */ = {
			isa = XCBuildConfiguration;
			buildSettings = {
				INFOPLIST_FILE = SPPhotoBrowserUITests/Info.plist;
				LD_RUNPATH_SEARCH_PATHS = "$(inherited) @executable_path/Frameworks @loader_path/Frameworks";
				PRODUCT_BUNDLE_IDENTIFIER = AlezJi.SPPhotoBrowserUITests;
				PRODUCT_NAME = "$(TARGET_NAME)";
				TEST_TARGET_NAME = SPPhotoBrowser;
			};
			name = Release;
		};
/* End XCBuildConfiguration section */

/* Begin XCConfigurationList section */
		84CC5C1C1CACFF02002A5040 /* Build configuration list for PBXProject "SPPhotoBrowser" */ = {
			isa = XCConfigurationList;
			buildConfigurations = (
				84CC5C4C1CACFF02002A5040 /* Debug */,
				84CC5C4D1CACFF02002A5040 /* Release */,
			);
			defaultConfigurationIsVisible = 0;
			defaultConfigurationName = Release;
		};
		84CC5C4E1CACFF02002A5040 /* Build configuration list for PBXNativeTarget "SPPhotoBrowser" */ = {
			isa = XCConfigurationList;
			buildConfigurations = (
				84CC5C4F1CACFF02002A5040 /* Debug */,
				84CC5C501CACFF02002A5040 /* Release */,
			);
			defaultConfigurationIsVisible = 0;
			defaultConfigurationName = Release;
		};
		84CC5C511CACFF02002A5040 /* Build configuration list for PBXNativeTarget "SPPhotoBrowserTests" */ = {
			isa = XCConfigurationList;
			buildConfigurations = (
				84CC5C521CACFF02002A5040 /* Debug */,
				84CC5C531CACFF02002A5040 /* Release */,
			);
			defaultConfigurationIsVisible = 0;
			defaultConfigurationName = Release;
		};
		84CC5C541CACFF02002A5040 /* Build configuration list for PBXNativeTarget "SPPhotoBrowserUITests" */ = {
			isa = XCConfigurationList;
			buildConfigurations = (
				84CC5C551CACFF02002A5040 /* Debug */,
				84CC5C561CACFF02002A5040 /* Release */,
			);
			defaultConfigurationIsVisible = 0;
			defaultConfigurationName = Release;
		};
/* End XCConfigurationList section */
	};
	rootObject = 84CC5C191CACFF02002A5040 /* Project object */;
}
